// !$*UTF8*$!
{
	archiveVersion = 1;
	classes = {
	};
	objectVersion = 77;
	objects = {

/* Begin PBXBuildFile section */
		C44EA0283004B6EC00D71C22 /* KeymapCore in Frameworks */ = {isa = PBXBuildFile; productRef = A10000012DCD20000041B68C /* KeymapCore */; };
		C44EA0293004B6EC00D71C22 /* KeymapPlayCover in Frameworks */ = {isa = PBXBuildFile; productRef = A10000022DCD20000041B68C /* KeymapPlayCover */; };
		C44EA02A3004B6EC00D71C22 /* Targeting in Frameworks */ = {isa = PBXBuildFile; productRef = A10000032DCD20000041B68C /* Targeting */; };
		C44EA02B3004B6EC00D71C22 /* Injection in Frameworks */ = {isa = PBXBuildFile; productRef = A10000042DCD20000041B68C /* Injection */; };
		C44EA02C3004B6EC00D71C22 /* InputRuntime in Frameworks */ = {isa = PBXBuildFile; productRef = A10000052DCD20000041B68C /* InputRuntime */; };
		C44EA02D3004B6EC00D71C22 /* EditorKit in Frameworks */ = {isa = PBXBuildFile; productRef = A10000062DCD20000041B68C /* EditorKit */; };
/* End PBXBuildFile section */

/* Begin PBXContainerItemProxy section */
		C41E17342DCD08DA0041B68C /* PBXContainerItemProxy */ = {
			isa = PBXContainerItemProxy;
			containerPortal = C41E171D2DCD08D90041B68C /* Project object */;
			proxyType = 1;
			remoteGlobalIDString = C41E17242DCD08D90041B68C;
			remoteInfo = striker;
		};
		C41E173E2DCD08DA0041B68C /* PBXContainerItemProxy */ = {
			isa = PBXContainerItemProxy;
			containerPortal = C41E171D2DCD08D90041B68C /* Project object */;
			proxyType = 1;
			remoteGlobalIDString = C41E17242DCD08D90041B68C;
			remoteInfo = striker;
		};
/* End PBXContainerItemProxy section */

/* Begin PBXFileReference section */
		C41E17252DCD08D90041B68C /* striker.app */ = {isa = PBXFileReference; explicitFileType = wrapper.application; includeInIndex = 0; path = striker.app; sourceTree = BUILT_PRODUCTS_DIR; };
		C41E17332DCD08DA0041B68C /* strikerTests.xctest */ = {isa = PBXFileReference; explicitFileType = wrapper.cfbundle; includeInIndex = 0; path = strikerTests.xctest; sourceTree = BUILT_PRODUCTS_DIR; };
		C41E173D2DCD08DA0041B68C /* strikerUITests.xctest */ = {isa = PBXFileReference; explicitFileType = wrapper.cfbundle; includeInIndex = 0; path = strikerUITests.xctest; sourceTree = BUILT_PRODUCTS_DIR; };
/* End PBXFileReference section */

/* Begin PBXFileSystemSynchronizedRootGroup section */
		C41E17272DCD08D90041B68C /* striker */ = {
			isa = PBXFileSystemSynchronizedRootGroup;
			path = striker;
			sourceTree = "<group>";
		};
		C41E17362DCD08DA0041B68C /* strikerTests */ = {
			isa = PBXFileSystemSynchronizedRootGroup;
			path = strikerTests;
			sourceTree = "<group>";
		};
		C41E17402DCD08DA0041B68C /* strikerUITests */ = {
			isa = PBXFileSystemSynchronizedRootGroup;
			path = strikerUITests;
			sourceTree = "<group>";
		};
/* End PBXFileSystemSynchronizedRootGroup section */

/* Begin PBXFrameworksBuildPhase section */
		C41E17222DCD08D90041B68C /* Frameworks */ = {
			isa = PBXFrameworksBuildPhase;
			buildActionMask = 2147483647;
			files = (
				C44EA02D3004B6EC00D71C22 /* EditorKit in Frameworks */,
				C44EA02C3004B6EC00D71C22 /* InputRuntime in Frameworks */,
				C44EA02B3004B6EC00D71C22 /* Injection in Frameworks */,
				C44EA02A3004B6EC00D71C22 /* Targeting in Frameworks */,
				C44EA0293004B6EC00D71C22 /* KeymapPlayCover in Frameworks */,
				C44EA0283004B6EC00D71C22 /* KeymapCore in Frameworks */,
			);
			runOnlyForDeploymentPostprocessing = 0;
		};
		C41E17302DCD08DA0041B68C /* Frameworks */ = {
			isa = PBXFrameworksBuildPhase;
			buildActionMask = 2147483647;
			files = (
			);
			runOnlyForDeploymentPostprocessing = 0;
		};
		C41E173A2DCD08DA0041B68C /* Frameworks */ = {
			isa = PBXFrameworksBuildPhase;
			buildActionMask = 2147483647;
			files = (
			);
			runOnlyForDeploymentPostprocessing = 0;
		};
/* End PBXFrameworksBuildPhase section */

/* Begin PBXGroup section */
		C41E171C2DCD08D90041B68C = {
			isa = PBXGroup;
			children = (
				C41E17272DCD08D90041B68C /* striker */,
				C41E17362DCD08DA0041B68C /* strikerTests */,
				C41E17402DCD08DA0041B68C /* strikerUITests */,
				C41E17262DCD08D90041B68C /* Products */,
			);
			sourceTree = "<group>";
		};
		C41E17262DCD08D90041B68C /* Products */ = {
			isa = PBXGroup;
			children = (
				C41E17252DCD08D90041B68C /* striker.app */,
				C41E17332DCD08DA0041B68C /* strikerTests.xctest */,
				C41E173D2DCD08DA0041B68C /* strikerUITests.xctest */,
			);
			name = Products;
			sourceTree = "<group>";
		};
/* End PBXGroup section */

/* Begin PBXNativeTarget section */
		C41E17242DCD08D90041B68C /* striker */ = {
			isa = PBXNativeTarget;
			buildConfigurationList = C41E17472DCD08DA0041B68C /* Build configuration list for PBXNativeTarget "striker" */;
			buildPhases = (
				C41E17212DCD08D90041B68C /* Sources */,
				C41E17222DCD08D90041B68C /* Frameworks */,
				C41E17232DCD08D90041B68C /* Resources */,
			);
			buildRules = (
			);
			dependencies = (
			);
			fileSystemSynchronizedGroups = (
				C41E17272DCD08D90041B68C /* striker */,
			);
			name = striker;
			packageProductDependencies = (
				A10000012DCD20000041B68C /* KeymapCore */,
				A10000022DCD20000041B68C /* KeymapPlayCover */,
				A10000032DCD20000041B68C /* Targeting */,
				A10000042DCD20000041B68C /* Injection */,
				A10000052DCD20000041B68C /* InputRuntime */,
				A10000062DCD20000041B68C /* EditorKit */,
			);
			productName = striker;
			productReference = C41E17252DCD08D90041B68C /* striker.app */;
			productType = "com.apple.product-type.application";
		};
		C41E17322DCD08DA0041B68C /* strikerTests */ = {
			isa = PBXNativeTarget;
			buildConfigurationList = C41E174A2DCD08DA0041B68C /* Build configuration list for PBXNativeTarget "strikerTests" */;
			buildPhases = (
				C41E172F2DCD08DA0041B68C /* Sources */,
				C41E17302DCD08DA0041B68C /* Frameworks */,
				C41E17312DCD08DA0041B68C /* Resources */,
			);
			buildRules = (
			);
			dependencies = (
				C41E17352DCD08DA0041B68C /* PBXTargetDependency */,
			);
			fileSystemSynchronizedGroups = (
				C41E17362DCD08DA0041B68C /* strikerTests */,
			);
			name = strikerTests;
			packageProductDependencies = (
			);
			productName = strikerTests;
			productReference = C41E17332DCD08DA0041B68C /* strikerTests.xctest */;
			productType = "com.apple.product-type.bundle.unit-test";
		};
		C41E173C2DCD08DA0041B68C /* strikerUITests */ = {
			isa = PBXNativeTarget;
			buildConfigurationList = C41E174D2DCD08DA0041B68C /* Build configuration list for PBXNativeTarget "strikerUITests" */;
			buildPhases = (
				C41E17392DCD08DA0041B68C /* Sources */,
				C41E173A2DCD08DA0041B68C /* Frameworks */,
				C41E173B2DCD08DA0041B68C /* Resources */,
			);
			buildRules = (
			);
			dependencies = (
				C41E173F2DCD08DA0041B68C /* PBXTargetDependency */,
			);
			fileSystemSynchronizedGroups = (
				C41E17402DCD08DA0041B68C /* strikerUITests */,
			);
			name = strikerUITests;
			packageProductDependencies = (
			);
			productName = strikerUITests;
			productReference = C41E173D2DCD08DA0041B68C /* strikerUITests.xctest */;
			productType = "com.apple.product-type.bundle.ui-testing";
		};
/* End PBXNativeTarget section */

/* Begin PBXProject section */
		C41E171D2DCD08D90041B68C /* Project object */ = {
			isa = PBXProject;
			attributes = {
				BuildIndependentTargetsInParallel = 1;
				LastSwiftUpdateCheck = 1630;
				LastUpgradeCheck = 1640;
				TargetAttributes = {
					C41E17242DCD08D90041B68C = {
						CreatedOnToolsVersion = 16.3;
					};
					C41E17322DCD08DA0041B68C = {
						CreatedOnToolsVersion = 16.3;
						TestTargetID = C41E17242DCD08D90041B68C;
					};
					C41E173C2DCD08DA0041B68C = {
						CreatedOnToolsVersion = 16.3;
						TestTargetID = C41E17242DCD08D90041B68C;
					};
				};
			};
			buildConfigurationList = C41E17202DCD08D90041B68C /* Build configuration list for PBXProject "striker" */;
			developmentRegion = en;
			hasScannedForEncodings = 0;
			knownRegions = (
				en,
				Base,
				"zh-Hans",
			);
			mainGroup = C41E171C2DCD08D90041B68C;
			minimizedProjectReferenceProxies = 1;
			packageReferences = (
				A10000102DCD20000041B68C /* XCLocalSwiftPackageReference "Packages/KeymapCore" */,
				A10000112DCD20000041B68C /* XCLocalSwiftPackageReference "Packages/KeymapPlayCover" */,
				A10000122DCD20000041B68C /* XCLocalSwiftPackageReference "Packages/Targeting" */,
				A10000132DCD20000041B68C /* XCLocalSwiftPackageReference "Packages/Injection" */,
				A10000142DCD20000041B68C /* XCLocalSwiftPackageReference "Packages/InputRuntime" */,
				A10000152DCD20000041B68C /* XCLocalSwiftPackageReference "Packages/EditorKit" */,
			);
			preferredProjectObjectVersion = 77;
			productRefGroup = C41E17262DCD08D90041B68C /* Products */;
			projectDirPath = "";
			projectRoot = "";
			targets = (
				C41E17242DCD08D90041B68C /* striker */,
				C41E17322DCD08DA0041B68C /* strikerTests */,
				C41E173C2DCD08DA0041B68C /* strikerUITests */,
			);
		};
/* End PBXProject section */

/* Begin PBXResourcesBuildPhase section */
		C41E17232DCD08D90041B68C /* Resources */ = {
			isa = PBXResourcesBuildPhase;
			buildActionMask = 2147483647;
			files = (
			);
			runOnlyForDeploymentPostprocessing = 0;
		};
		C41E17312DCD08DA0041B68C /* Resources */ = {
			isa = PBXResourcesBuildPhase;
			buildActionMask = 2147483647;
			files = (
			);
			runOnlyForDeploymentPostprocessing = 0;
		};
		C41E173B2DCD08DA0041B68C /* Resources */ = {
			isa = PBXResourcesBuildPhase;
			buildActionMask = 2147483647;
			files = (
			);
			runOnlyForDeploymentPostprocessing = 0;
		};
/* End PBXResourcesBuildPhase section */

/* Begin PBXSourcesBuildPhase section */
		C41E17212DCD08D90041B68C /* Sources */ = {
			isa = PBXSourcesBuildPhase;
			buildActionMask = 2147483647;
			files = (
			);
			runOnlyForDeploymentPostprocessing = 0;
		};
		C41E172F2DCD08DA0041B68C /* Sources */ = {
			isa = PBXSourcesBuildPhase;
			buildActionMask = 2147483647;
			files = (
			);
			runOnlyForDeploymentPostprocessing = 0;
		};
		C41E17392DCD08DA0041B68C /* Sources */ = {
			isa = PBXSourcesBuildPhase;
			buildActionMask = 2147483647;
			files = (
			);
			runOnlyForDeploymentPostprocessing = 0;
		};
/* End PBXSourcesBuildPhase section */

/* Begin PBXTargetDependency section */
		C41E17352DCD08DA0041B68C /* PBXTargetDependency */ = {
			isa = PBXTargetDependency;
			target = C41E17242DCD08D90041B68C /* striker */;
			targetProxy = C41E17342DCD08DA0041B68C /* PBXContainerItemProxy */;
		};
		C41E173F2DCD08DA0041B68C /* PBXTargetDependency */ = {
			isa = PBXTargetDependency;
			target = C41E17242DCD08D90041B68C /* striker */;
			targetProxy = C41E173E2DCD08DA0041B68C /* PBXContainerItemProxy */;
		};
/* End PBXTargetDependency section */

/* Begin XCBuildConfiguration section */
		C41E17452DCD08DA0041B68C /* Debug */ = {
			isa = XCBuildConfiguration;
			buildSettings = {
				ALWAYS_SEARCH_USER_PATHS = NO;
				ASSETCATALOG_COMPILER_GENERATE_SWIFT_ASSET_SYMBOL_EXTENSIONS = YES;
				CLANG_ANALYZER_NONNULL = YES;
				CLANG_ANALYZER_NUMBER_OBJECT_CONVERSION = YES_AGGRESSIVE;
				CLANG_CXX_LANGUAGE_STANDARD = "gnu++20";
				CLANG_ENABLE_MODULES = YES;
				CLANG_ENABLE_OBJC_ARC = YES;
				CLANG_ENABLE_OBJC_WEAK = YES;
				CLANG_WARN_BLOCK_CAPTURE_AUTORELEASING = YES;
				CLANG_WARN_BOOL_CONVERSION = YES;
				CLANG_WARN_COMMA = YES;
				CLANG_WARN_CONSTANT_CONVERSION = YES;
				CLANG_WARN_DEPRECATED_OBJC_IMPLEMENTATIONS = YES;
				CLANG_WARN_DIRECT_OBJC_ISA_USAGE = YES_ERROR;
				CLANG_WARN_DOCUMENTATION_COMMENTS = YES;
				CLANG_WARN_EMPTY_BODY = YES;
				CLANG_WARN_ENUM_CONVERSION = YES;
				CLANG_WARN_INFINITE_RECURSION = YES;
				CLANG_WARN_INT_CONVERSION = YES;
				CLANG_WARN_NON_LITERAL_NULL_CONVERSION = YES;
				CLANG_WARN_OBJC_IMPLICIT_RETAIN_SELF = YES;
				CLANG_WARN_OBJC_LITERAL_CONVERSION = YES;
				CLANG_WARN_OBJC_ROOT_CLASS = YES_ERROR;
				CLANG_WARN_QUOTED_INCLUDE_IN_FRAMEWORK_HEADER = YES;
				CLANG_WARN_RANGE_LOOP_ANALYSIS = YES;
				CLANG_WARN_STRICT_PROTOTYPES = YES;
				CLANG_WARN_SUSPICIOUS_MOVE = YES;
				CLANG_WARN_UNGUARDED_AVAILABILITY = YES_AGGRESSIVE;
				CLANG_WARN_UNREACHABLE_CODE = YES;
				CLANG_WARN__DUPLICATE_METHOD_MATCH = YES;
				COPY_PHASE_STRIP = NO;
				DEAD_CODE_STRIPPING = YES;
				DEBUG_INFORMATION_FORMAT = dwarf;
				ENABLE_STRICT_OBJC_MSGSEND = YES;
				ENABLE_TESTABILITY = YES;
				ENABLE_USER_SCRIPT_SANDBOXING = YES;
				GCC_C_LANGUAGE_STANDARD = gnu17;
				GCC_DYNAMIC_NO_PIC = NO;
				GCC_NO_COMMON_BLOCKS = YES;
				GCC_OPTIMIZATION_LEVEL = 0;
				GCC_PREPROCESSOR_DEFINITIONS = (
					"DEBUG=1",
					"$(inherited)",
				);
				GCC_WARN_64_TO_32_BIT_CONVERSION = YES;
				GCC_WARN_ABOUT_RETURN_TYPE = YES_ERROR;
				GCC_WARN_UNDECLARED_SELECTOR = YES;
				GCC_WARN_UNINITIALIZED_AUTOS = YES_AGGRESSIVE;
				GCC_WARN_UNUSED_FUNCTION = YES;
				GCC_WARN_UNUSED_VARIABLE = YES;
				LOCALIZATION_PREFERS_STRING_CATALOGS = YES;
				MTL_ENABLE_DEBUG_INFO = INCLUDE_SOURCE;
				MTL_FAST_MATH = YES;
				ONLY_ACTIVE_ARCH = YES;
				SWIFT_ACTIVE_COMPILATION_CONDITIONS = "DEBUG $(inherited)";
				SWIFT_OPTIMIZATION_LEVEL = "-Onone";
			};
			name = Debug;
		};
		C41E17462DCD08DA0041B68C /* Release */ = {
			isa = XCBuildConfiguration;
			buildSettings = {
				ALWAYS_SEARCH_USER_PATHS = NO;
				ASSETCATALOG_COMPILER_GENERATE_SWIFT_ASSET_SYMBOL_EXTENSIONS = YES;
				CLANG_ANALYZER_NONNULL = YES;
				CLANG_ANALYZER_NUMBER_OBJECT_CONVERSION = YES_AGGRESSIVE;
				CLANG_CXX_LANGUAGE_STANDARD = "gnu++20";
				CLANG_ENABLE_MODULES = YES;
				CLANG_ENABLE_OBJC_ARC = YES;
				CLANG_ENABLE_OBJC_WEAK = YES;
				CLANG_WARN_BLOCK_CAPTURE_AUTORELEASING = YES;
				CLANG_WARN_BOOL_CONVERSION = YES;
				CLANG_WARN_COMMA = YES;
				CLANG_WARN_CONSTANT_CONVERSION = YES;
				CLANG_WARN_DEPRECATED_OBJC_IMPLEMENTATIONS = YES;
				CLANG_WARN_DIRECT_OBJC_ISA_USAGE = YES_ERROR;
				CLANG_WARN_DOCUMENTATION_COMMENTS = YES;
				CLANG_WARN_EMPTY_BODY = YES;
				CLANG_WARN_ENUM_CONVERSION = YES;
				CLANG_WARN_INFINITE_RECURSION = YES;
				CLANG_WARN_INT_CONVERSION = YES;
				CLANG_WARN_NON_LITERAL_NULL_CONVERSION = YES;
				CLANG_WARN_OBJC_IMPLICIT_RETAIN_SELF = YES;
				CLANG_WARN_OBJC_LITERAL_CONVERSION = YES;
				CLANG_WARN_OBJC_ROOT_CLASS = YES_ERROR;
				CLANG_WARN_QUOTED_INCLUDE_IN_FRAMEWORK_HEADER = YES;
				CLANG_WARN_RANGE_LOOP_ANALYSIS = YES;
				CLANG_WARN_STRICT_PROTOTYPES = YES;
				CLANG_WARN_SUSPICIOUS_MOVE = YES;
				CLANG_WARN_UNGUARDED_AVAILABILITY = YES_AGGRESSIVE;
				CLANG_WARN_UNREACHABLE_CODE = YES;
				CLANG_WARN__DUPLICATE_METHOD_MATCH = YES;
				COPY_PHASE_STRIP = NO;
				DEAD_CODE_STRIPPING = YES;
				DEBUG_INFORMATION_FORMAT = "dwarf-with-dsym";
				ENABLE_NS_ASSERTIONS = NO;
				ENABLE_STRICT_OBJC_MSGSEND = YES;
				ENABLE_USER_SCRIPT_SANDBOXING = YES;
				GCC_C_LANGUAGE_STANDARD = gnu17;
				GCC_NO_COMMON_BLOCKS = YES;
				GCC_WARN_64_TO_32_BIT_CONVERSION = YES;
				GCC_WARN_ABOUT_RETURN_TYPE = YES_ERROR;
				GCC_WARN_UNDECLARED_SELECTOR = YES;
				GCC_WARN_UNINITIALIZED_AUTOS = YES_AGGRESSIVE;
				GCC_WARN_UNUSED_FUNCTION = YES;
				GCC_WARN_UNUSED_VARIABLE = YES;
				LOCALIZATION_PREFERS_STRING_CATALOGS = YES;
				MTL_ENABLE_DEBUG_INFO = NO;
				MTL_FAST_MATH = YES;
				SWIFT_COMPILATION_MODE = wholemodule;
			};
			name = Release;
		};
		C41E17482DCD08DA0041B68C /* Debug */ = {
			isa = XCBuildConfiguration;
			buildSettings = {
				ASSETCATALOG_COMPILER_APPICON_NAME = AppIcon;
				ASSETCATALOG_COMPILER_GLOBAL_ACCENT_COLOR_NAME = AccentColor;
				CODE_SIGN_ENTITLEMENTS = striker/striker.entitlements;
				CODE_SIGN_STYLE = Automatic;
				CURRENT_PROJECT_VERSION = 1;
				DEAD_CODE_STRIPPING = YES;
				ENABLE_PREVIEWS = YES;
				GENERATE_INFOPLIST_FILE = YES;
				INFOPLIST_KEY_LSUIElement = YES;
				INFOPLIST_KEY_UIPrefersShowingLanguageSettings = YES;
				"INFOPLIST_KEY_UIApplicationSceneManifest_Generation[sdk=iphoneos*]" = YES;
				"INFOPLIST_KEY_UIApplicationSceneManifest_Generation[sdk=iphonesimulator*]" = YES;
				"INFOPLIST_KEY_UIApplicationSupportsIndirectInputEvents[sdk=iphoneos*]" = YES;
				"INFOPLIST_KEY_UIApplicationSupportsIndirectInputEvents[sdk=iphonesimulator*]" = YES;
				"INFOPLIST_KEY_UILaunchScreen_Generation[sdk=iphoneos*]" = YES;
				"INFOPLIST_KEY_UILaunchScreen_Generation[sdk=iphonesimulator*]" = YES;
				"INFOPLIST_KEY_UIStatusBarStyle[sdk=iphoneos*]" = UIStatusBarStyleDefault;
				"INFOPLIST_KEY_UIStatusBarStyle[sdk=iphonesimulator*]" = UIStatusBarStyleDefault;
				INFOPLIST_KEY_UISupportedInterfaceOrientations_iPad = "UIInterfaceOrientationPortrait UIInterfaceOrientationPortraitUpsideDown UIInterfaceOrientationLandscapeLeft UIInterfaceOrientationLandscapeRight";
				INFOPLIST_KEY_UISupportedInterfaceOrientations_iPhone = "UIInterfaceOrientationPortrait UIInterfaceOrientationLandscapeLeft UIInterfaceOrientationLandscapeRight";
				IPHONEOS_DEPLOYMENT_TARGET = 18.4;
				LD_RUNPATH_SEARCH_PATHS = "@executable_path/Frameworks";
				"LD_RUNPATH_SEARCH_PATHS[sdk=macosx*]" = "@executable_path/../Frameworks";
				MACOSX_DEPLOYMENT_TARGET = 15.4;
				MARKETING_VERSION = 1.0;
				PRODUCT_BUNDLE_IDENTIFIER = palmcivet.striker;
				PRODUCT_NAME = "$(TARGET_NAME)";
				REGISTER_APP_GROUPS = YES;
				SDKROOT = auto;
				SUPPORTED_PLATFORMS = "iphoneos iphonesimulator macosx xros xrsimulator";
				SWIFT_EMIT_LOC_STRINGS = YES;
				SWIFT_VERSION = 5.0;
				TARGETED_DEVICE_FAMILY = "1,2,7";
				XROS_DEPLOYMENT_TARGET = 2.4;
			};
			name = Debug;
		};
		C41E17492DCD08DA0041B68C /* Release */ = {
			isa = XCBuildConfiguration;
			buildSettings = {
				ASSETCATALOG_COMPILER_APPICON_NAME = AppIcon;
				ASSETCATALOG_COMPILER_GLOBAL_ACCENT_COLOR_NAME = AccentColor;
				CODE_SIGN_ENTITLEMENTS = striker/striker.entitlements;
				CODE_SIGN_STYLE = Automatic;
				CURRENT_PROJECT_VERSION = 1;
				DEAD_CODE_STRIPPING = YES;
				ENABLE_PREVIEWS = YES;
				GENERATE_INFOPLIST_FILE = YES;
				INFOPLIST_KEY_LSUIElement = YES;
				INFOPLIST_KEY_UIPrefersShowingLanguageSettings = YES;
				"INFOPLIST_KEY_UIApplicationSceneManifest_Generation[sdk=iphoneos*]" = YES;
				"INFOPLIST_KEY_UIApplicationSceneManifest_Generation[sdk=iphonesimulator*]" = YES;
				"INFOPLIST_KEY_UIApplicationSupportsIndirectInputEvents[sdk=iphoneos*]" = YES;
				"INFOPLIST_KEY_UIApplicationSupportsIndirectInputEvents[sdk=iphonesimulator*]" = YES;
				"INFOPLIST_KEY_UILaunchScreen_Generation[sdk=iphoneos*]" = YES;
				"INFOPLIST_KEY_UILaunchScreen_Generation[sdk=iphonesimulator*]" = YES;
				"INFOPLIST_KEY_UIStatusBarStyle[sdk=iphoneos*]" = UIStatusBarStyleDefault;
				"INFOPLIST_KEY_UIStatusBarStyle[sdk=iphonesimulator*]" = UIStatusBarStyleDefault;
				INFOPLIST_KEY_UISupportedInterfaceOrientations_iPad = "UIInterfaceOrientationPortrait UIInterfaceOrientationPortraitUpsideDown UIInterfaceOrientationLandscapeLeft UIInterfaceOrientationLandscapeRight";
				INFOPLIST_KEY_UISupportedInterfaceOrientations_iPhone = "UIInterfaceOrientationPortrait UIInterfaceOrientationLandscapeLeft UIInterfaceOrientationLandscapeRight";
				IPHONEOS_DEPLOYMENT_TARGET = 18.4;
				LD_RUNPATH_SEARCH_PATHS = "@executable_path/Frameworks";
				"LD_RUNPATH_SEARCH_PATHS[sdk=macosx*]" = "@executable_path/../Frameworks";
				MACOSX_DEPLOYMENT_TARGET = 15.4;
				MARKETING_VERSION = 1.0;
				PRODUCT_BUNDLE_IDENTIFIER = palmcivet.striker;
				PRODUCT_NAME = "$(TARGET_NAME)";
				REGISTER_APP_GROUPS = YES;
				SDKROOT = auto;
				SUPPORTED_PLATFORMS = "iphoneos iphonesimulator macosx xros xrsimulator";
				SWIFT_EMIT_LOC_STRINGS = YES;
				SWIFT_VERSION = 5.0;
				TARGETED_DEVICE_FAMILY = "1,2,7";
				XROS_DEPLOYMENT_TARGET = 2.4;
			};
			name = Release;
		};
		C41E174B2DCD08DA0041B68C /* Debug */ = {
			isa = XCBuildConfiguration;
			buildSettings = {
				BUNDLE_LOADER = "$(TEST_HOST)";
				CODE_SIGN_STYLE = Automatic;
				CURRENT_PROJECT_VERSION = 1;
				DEAD_CODE_STRIPPING = YES;
				GENERATE_INFOPLIST_FILE = YES;
				IPHONEOS_DEPLOYMENT_TARGET = 18.4;
				MACOSX_DEPLOYMENT_TARGET = 15.4;
				MARKETING_VERSION = 1.0;
				PRODUCT_BUNDLE_IDENTIFIER = palmcivet.strikerTests;
				PRODUCT_NAME = "$(TARGET_NAME)";
				SDKROOT = auto;
				SUPPORTED_PLATFORMS = "iphoneos iphonesimulator macosx xros xrsimulator";
				SWIFT_EMIT_LOC_STRINGS = NO;
				SWIFT_VERSION = 5.0;
				TARGETED_DEVICE_FAMILY = "1,2,7";
				TEST_HOST = "$(BUILT_PRODUCTS_DIR)/striker.app/$(BUNDLE_EXECUTABLE_FOLDER_PATH)/striker";
				XROS_DEPLOYMENT_TARGET = 2.4;
			};
			name = Debug;
		};
		C41E174C2DCD08DA0041B68C /* Release */ = {
			isa = XCBuildConfiguration;
			buildSettings = {
				BUNDLE_LOADER = "$(TEST_HOST)";
				CODE_SIGN_STYLE = Automatic;
				CURRENT_PROJECT_VERSION = 1;
				DEAD_CODE_STRIPPING = YES;
				GENERATE_INFOPLIST_FILE = YES;
				IPHONEOS_DEPLOYMENT_TARGET = 18.4;
				MACOSX_DEPLOYMENT_TARGET = 15.4;
				MARKETING_VERSION = 1.0;
				PRODUCT_BUNDLE_IDENTIFIER = palmcivet.strikerTests;
				PRODUCT_NAME = "$(TARGET_NAME)";
				SDKROOT = auto;
				SUPPORTED_PLATFORMS = "iphoneos iphonesimulator macosx xros xrsimulator";
				SWIFT_EMIT_LOC_STRINGS = NO;
				SWIFT_VERSION = 5.0;
				TARGETED_DEVICE_FAMILY = "1,2,7";
				TEST_HOST = "$(BUILT_PRODUCTS_DIR)/striker.app/$(BUNDLE_EXECUTABLE_FOLDER_PATH)/striker";
				XROS_DEPLOYMENT_TARGET = 2.4;
			};
			name = Release;
		};
		C41E174E2DCD08DA0041B68C /* Debug */ = {
			isa = XCBuildConfiguration;
			buildSettings = {
				CODE_SIGN_STYLE = Automatic;
				CURRENT_PROJECT_VERSION = 1;
				DEAD_CODE_STRIPPING = YES;
				GENERATE_INFOPLIST_FILE = YES;
				IPHONEOS_DEPLOYMENT_TARGET = 18.4;
				MACOSX_DEPLOYMENT_TARGET = 15.4;
				MARKETING_VERSION = 1.0;
				PRODUCT_BUNDLE_IDENTIFIER = palmcivet.strikerUITests;
				PRODUCT_NAME = "$(TARGET_NAME)";
				SDKROOT = auto;
				SUPPORTED_PLATFORMS = "iphoneos iphonesimulator macosx xros xrsimulator";
				SWIFT_EMIT_LOC_STRINGS = NO;
				SWIFT_VERSION = 5.0;
				TARGETED_DEVICE_FAMILY = "1,2,7";
				TEST_TARGET_NAME = striker;
				XROS_DEPLOYMENT_TARGET = 2.4;
			};
			name = Debug;
		};
		C41E174F2DCD08DA0041B68C /* Release */ = {
			isa = XCBuildConfiguration;
			buildSettings = {
				CODE_SIGN_STYLE = Automatic;
				CURRENT_PROJECT_VERSION = 1;
				DEAD_CODE_STRIPPING = YES;
				GENERATE_INFOPLIST_FILE = YES;
				IPHONEOS_DEPLOYMENT_TARGET = 18.4;
				MACOSX_DEPLOYMENT_TARGET = 15.4;
				MARKETING_VERSION = 1.0;
				PRODUCT_BUNDLE_IDENTIFIER = palmcivet.strikerUITests;
				PRODUCT_NAME = "$(TARGET_NAME)";
				SDKROOT = auto;
				SUPPORTED_PLATFORMS = "iphoneos iphonesimulator macosx xros xrsimulator";
				SWIFT_EMIT_LOC_STRINGS = NO;
				SWIFT_VERSION = 5.0;
				TARGETED_DEVICE_FAMILY = "1,2,7";
				TEST_TARGET_NAME = striker;
				XROS_DEPLOYMENT_TARGET = 2.4;
			};
			name = Release;
		};
/* End XCBuildConfiguration section */

/* Begin XCConfigurationList section */
		C41E17202DCD08D90041B68C /* Build configuration list for PBXProject "striker" */ = {
			isa = XCConfigurationList;
			buildConfigurations = (
				C41E17452DCD08DA0041B68C /* Debug */,
				C41E17462DCD08DA0041B68C /* Release */,
			);
			defaultConfigurationIsVisible = 0;
			defaultConfigurationName = Release;
		};
		C41E17472DCD08DA0041B68C /* Build configuration list for PBXNativeTarget "striker" */ = {
			isa = XCConfigurationList;
			buildConfigurations = (
				C41E17482DCD08DA0041B68C /* Debug */,
				C41E17492DCD08DA0041B68C /* Release */,
			);
			defaultConfigurationIsVisible = 0;
			defaultConfigurationName = Release;
		};
		C41E174A2DCD08DA0041B68C /* Build configuration list for PBXNativeTarget "strikerTests" */ = {
			isa = XCConfigurationList;
			buildConfigurations = (
				C41E174B2DCD08DA0041B68C /* Debug */,
				C41E174C2DCD08DA0041B68C /* Release */,
			);
			defaultConfigurationIsVisible = 0;
			defaultConfigurationName = Release;
		};
		C41E174D2DCD08DA0041B68C /* Build configuration list for PBXNativeTarget "strikerUITests" */ = {
			isa = XCConfigurationList;
			buildConfigurations = (
				C41E174E2DCD08DA0041B68C /* Debug */,
				C41E174F2DCD08DA0041B68C /* Release */,
			);
			defaultConfigurationIsVisible = 0;
			defaultConfigurationName = Release;
		};
/* End XCConfigurationList section */

/* Begin XCLocalSwiftPackageReference section */
		A10000102DCD20000041B68C /* XCLocalSwiftPackageReference "Packages/KeymapCore" */ = {
			isa = XCLocalSwiftPackageReference;
			relativePath = Packages/KeymapCore;
		};
		A10000112DCD20000041B68C /* XCLocalSwiftPackageReference "Packages/KeymapPlayCover" */ = {
			isa = XCLocalSwiftPackageReference;
			relativePath = Packages/KeymapPlayCover;
		};
		A10000122DCD20000041B68C /* XCLocalSwiftPackageReference "Packages/Targeting" */ = {
			isa = XCLocalSwiftPackageReference;
			relativePath = Packages/Targeting;
		};
		A10000132DCD20000041B68C /* XCLocalSwiftPackageReference "Packages/Injection" */ = {
			isa = XCLocalSwiftPackageReference;
			relativePath = Packages/Injection;
		};
		A10000142DCD20000041B68C /* XCLocalSwiftPackageReference "Packages/InputRuntime" */ = {
			isa = XCLocalSwiftPackageReference;
			relativePath = Packages/InputRuntime;
		};
		A10000152DCD20000041B68C /* XCLocalSwiftPackageReference "Packages/EditorKit" */ = {
			isa = XCLocalSwiftPackageReference;
			relativePath = Packages/EditorKit;
		};
/* End XCLocalSwiftPackageReference section */

/* Begin XCSwiftPackageProductDependency section */
		A10000012DCD20000041B68C /* KeymapCore */ = {
			isa = XCSwiftPackageProductDependency;
			package = A10000102DCD20000041B68C /* XCLocalSwiftPackageReference "Packages/KeymapCore" */;
			productName = KeymapCore;
		};
		A10000022DCD20000041B68C /* KeymapPlayCover */ = {
			isa = XCSwiftPackageProductDependency;
			package = A10000112DCD20000041B68C /* XCLocalSwiftPackageReference "Packages/KeymapPlayCover" */;
			productName = KeymapPlayCover;
		};
		A10000032DCD20000041B68C /* Targeting */ = {
			isa = XCSwiftPackageProductDependency;
			package = A10000122DCD20000041B68C /* XCLocalSwiftPackageReference "Packages/Targeting" */;
			productName = Targeting;
		};
		A10000042DCD20000041B68C /* Injection */ = {
			isa = XCSwiftPackageProductDependency;
			package = A10000132DCD20000041B68C /* XCLocalSwiftPackageReference "Packages/Injection" */;
			productName = Injection;
		};
		A10000052DCD20000041B68C /* InputRuntime */ = {
			isa = XCSwiftPackageProductDependency;
			package = A10000142DCD20000041B68C /* XCLocalSwiftPackageReference "Packages/InputRuntime" */;
			productName = InputRuntime;
		};
		A10000062DCD20000041B68C /* EditorKit */ = {
			isa = XCSwiftPackageProductDependency;
			package = A10000152DCD20000041B68C /* XCLocalSwiftPackageReference "Packages/EditorKit" */;
			productName = EditorKit;
		};
/* End XCSwiftPackageProductDependency section */
	};
	rootObject = C41E171D2DCD08D90041B68C /* Project object */;
}
